// !$*UTF8*$!
{
	archiveVersion = 1;
	classes = {
	};
	objectVersion = 46;
	objects = {

/* Begin PBXAggregateTarget section */
		9B6FC4958B30461F933281FF /* ALL_BUILD */ = {
			isa = PBXAggregateTarget;
			buildConfigurationList = 2DDE7509C1BA4A08AE6C12D9 /* Build configuration list for PBXAggregateTarget "ALL_BUILD" */;
			buildPhases = (
				7FE2E56DD92F4F5B889FCC00 /* CMake Rules */,
			);
			dependencies = (
				10A6FDBC753D4C09911E9CA2 /* PBXTargetDependency */,
				8B83CE3EF3AA4A52BACD1570 /* PBXTargetDependency */,
			);
			name = ALL_BUILD;
			productName = ALL_BUILD;
		};
		F16B35033DA343B197F83131 /* ZERO_CHECK */ = {
			isa = PBXAggregateTarget;
			buildConfigurationList = 9D61EBDA9E2B45579DE5D3B9 /* Build configuration list for PBXAggregateTarget "ZERO_CHECK" */;
			buildPhases = (
				5D55AA31C0204A82A1F1374D /* CMake Rules */,
			);
			dependencies = (
			);
			name = ZERO_CHECK;
			productName = ZERO_CHECK;
		};
/* End PBXAggregateTarget section */

/* Begin PBXBuildFile section */
		AA368E062E644707A624DA05 /* main.cpp in Sources */ = {isa = PBXBuildFile; fileRef = B5CA20CBEBBC4CC1B0553E86 /* main.cpp */; settings = {COMPILER_FLAGS = ""; }; };
/* End PBXBuildFile section */

/* Begin PBXContainerItemProxy section */
		819B2957A85548C6A264D2F3 /* PBXContainerItemProxy */ = {
			isa = PBXContainerItemProxy;
			containerPortal = A561AEAB6C044E998102CEFC /* Project object */;
			proxyType = 1;
			remoteGlobalIDString = 4CD595D14FAA4951A00CCA12;
			remoteInfo = main;
		};
		CF5B74D0E631406EA66C1631 /* PBXContainerItemProxy */ = {
			isa = PBXContainerItemProxy;
			containerPortal = A561AEAB6C044E998102CEFC /* Project object */;
			proxyType = 1;
			remoteGlobalIDString = F16B35033DA343B197F83131;
			remoteInfo = ZERO_CHECK;
		};
		F95048BF2D2C47B0A81E4A01 /* PBXContainerItemProxy */ = {
			isa = PBXContainerItemProxy;
			containerPortal = A561AEAB6C044E998102CEFC /* Project object */;
			proxyType = 1;
			remoteGlobalIDString = F16B35033DA343B197F83131;
			remoteInfo = ZERO_CHECK;
		};
/* End PBXContainerItemProxy section */

/* Begin PBXFileReference section */
		1698670658294033830A3C1E /* main */ = {isa = PBXFileReference; explicitFileType = "compiled.mach-o.executable"; path = main; sourceTree = BUILT_PRODUCTS_DIR; };
		6D6AEAD0CBA94D3BA16BBFD9 /* CMakeLists.txt */ = {isa = PBXFileReference; explicitFileType = sourcecode.text; fileEncoding = 4; lastKnownFileType = text; path = CMakeLists.txt; sourceTree = SOURCE_ROOT; };
		9162F9421AC2F1FF00456873 /* expression_node.hpp */ = {isa = PBXFileReference; fileEncoding = 4; lastKnownFileType = sourcecode.cpp.h; path = expression_node.hpp; sourceTree = "<group>"; };
		91F472B01AC04EB900D6FF13 /* expression.hpp */ = {isa = PBXFileReference; lastKnownFileType = sourcecode.cpp.h; path = expression.hpp; sourceTree = "<group>"; };
		91F472B21AC0543000D6FF13 /* extractor.hpp */ = {isa = PBXFileReference; lastKnownFileType = sourcecode.cpp.h; path = extractor.hpp; sourceTree = "<group>"; };
		91F472B31AC059A100D6FF13 /* ast.hpp */ = {isa = PBXFileReference; lastKnownFileType = sourcecode.cpp.h; path = ast.hpp; sourceTree = "<group>"; };
		B5CA20CBEBBC4CC1B0553E86 /* main.cpp */ = {isa = PBXFileReference; explicitFileType = sourcecode.cpp.cpp; fileEncoding = 4; path = main.cpp; sourceTree = SOURCE_ROOT; };
		E5FD22A27D634F55A7C0ADBB /* CMakeLists.txt */ = {isa = PBXFileReference; explicitFileType = sourcecode.text; fileEncoding = 4; lastKnownFileType = text; path = CMakeLists.txt; sourceTree = SOURCE_ROOT; };
		FF7B71D218434471ABBB0CF5 /* CMakeLists.txt */ = {isa = PBXFileReference; explicitFileType = sourcecode.text; fileEncoding = 4; lastKnownFileType = text; path = CMakeLists.txt; sourceTree = SOURCE_ROOT; };
/* End PBXFileReference section */

/* Begin PBXGroup section */
		0AD897D39AB14DAA8DEF419C /* main */ = {
			isa = PBXGroup;
			children = (
				849C8A8E3697493D9565AD6A /* Source Files */,
				FF7B71D218434471ABBB0CF5 /* CMakeLists.txt */,
			);
			name = main;
			sourceTree = "<group>";
		};
		3D8069EA3ADB474587AE2883 /* ALL_BUILD */ = {
			isa = PBXGroup;
			children = (
				690DD36D3C1343479FADA4D0 /* CMake Rules */,
				6D6AEAD0CBA94D3BA16BBFD9 /* CMakeLists.txt */,
			);
			name = ALL_BUILD;
			sourceTree = "<group>";
		};
		3D8D8E0C27CD422F94294D7B /* Products */ = {
			isa = PBXGroup;
			children = (
				1698670658294033830A3C1E /* main */,
			);
			name = Products;
			sourceTree = "<group>";
		};
		690DD36D3C1343479FADA4D0 /* CMake Rules */ = {
			isa = PBXGroup;
			children = (
			);
			name = "CMake Rules";
			sourceTree = "<group>";
		};
		7CD11EEDDE18432399AE0327 /* Resources */ = {
			isa = PBXGroup;
			children = (
			);
			name = Resources;
			sourceTree = "<group>";
		};
		849C8A8E3697493D9565AD6A /* Source Files */ = {
			isa = PBXGroup;
			children = (
				91F472AE1AC04E0200D6FF13 /* include */,
				B5CA20CBEBBC4CC1B0553E86 /* main.cpp */,
			);
			name = "Source Files";
			sourceTree = "<group>";
		};
		859C372B77F74E398D6E4F3F = {
			isa = PBXGroup;
			children = (
				FBFB4EF393AF494282A3C9DD /* Sources */,
				7CD11EEDDE18432399AE0327 /* Resources */,
				3D8D8E0C27CD422F94294D7B /* Products */,
			);
			sourceTree = "<group>";
		};
		91F472AE1AC04E0200D6FF13 /* include */ = {
			isa = PBXGroup;
			children = (
				9162F9421AC2F1FF00456873 /* expression_node.hpp */,
				91F472B01AC04EB900D6FF13 /* expression.hpp */,
				91F472B21AC0543000D6FF13 /* extractor.hpp */,
				91F472B31AC059A100D6FF13 /* ast.hpp */,
			);
			path = include;
			sourceTree = "<group>";
		};
		F2863BFF32BB485BA0D8BCEF /* ZERO_CHECK */ = {
			isa = PBXGroup;
			children = (
				F9D6146CFFA647EFB668AD16 /* CMake Rules */,
				E5FD22A27D634F55A7C0ADBB /* CMakeLists.txt */,
			);
			name = ZERO_CHECK;
			sourceTree = "<group>";
		};
		F9D6146CFFA647EFB668AD16 /* CMake Rules */ = {
			isa = PBXGroup;
			children = (
			);
			name = "CMake Rules";
			sourceTree = "<group>";
		};
		FBFB4EF393AF494282A3C9DD /* Sources */ = {
			isa = PBXGroup;
			children = (
				0AD897D39AB14DAA8DEF419C /* main */,
				3D8069EA3ADB474587AE2883 /* ALL_BUILD */,
				F2863BFF32BB485BA0D8BCEF /* ZERO_CHECK */,
			);
			name = Sources;
			sourceTree = "<group>";
		};
/* End PBXGroup section */

/* Begin PBXNativeTarget section */
		4CD595D14FAA4951A00CCA12 /* main */ = {
			isa = PBXNativeTarget;
			buildConfigurationList = 5625455DED764EBBB0B73FA2 /* Build configuration list for PBXNativeTarget "main" */;
			buildPhases = (
				3284D6CDE4F24FD9839F53DB /* Sources */,
			);
			buildRules = (
			);
			dependencies = (
				3DAC7C43DCB746EE80B5C0BF /* PBXTargetDependency */,
			);
			name = main;
			productName = main;
			productReference = 1698670658294033830A3C1E /* main */;
			productType = "com.apple.product-type.tool";
		};
/* End PBXNativeTarget section */

/* Begin PBXProject section */
		A561AEAB6C044E998102CEFC /* Project object */ = {
			isa = PBXProject;
			attributes = {
				BuildIndependentTargetsInParallel = YES;
				LastUpgradeCheck = 0620;
			};
			buildConfigurationList = D4C28DD9A8DF40FC98EAC08C /* Build configuration list for PBXProject "msgpack-filter" */;
			compatibilityVersion = "Xcode 3.2";
			developmentRegion = English;
			hasScannedForEncodings = 0;
			knownRegions = (
				en,
			);
			mainGroup = 859C372B77F74E398D6E4F3F;
			projectDirPath = ..;
			projectRoot = "";
			targets = (
				4CD595D14FAA4951A00CCA12 /* main */,
				9B6FC4958B30461F933281FF /* ALL_BUILD */,
				F16B35033DA343B197F83131 /* ZERO_CHECK */,
			);
		};
/* End PBXProject section */

/* Begin PBXShellScriptBuildPhase section */
		5D55AA31C0204A82A1F1374D /* CMake Rules */ = {
			isa = PBXShellScriptBuildPhase;
			buildActionMask = 2147483647;
			files = (
			);
			name = "CMake Rules";
			runOnlyForDeploymentPostprocessing = 0;
			shellPath = /bin/sh;
			shellScript = "make -C /Users/doug/basho/msgpack/xcode -f /Users/doug/basho/msgpack/xcode/CMakeScripts/ZERO_CHECK_cmakeRulesBuildPhase.make$CONFIGURATION all";
			showEnvVarsInLog = 0;
		};
		7FE2E56DD92F4F5B889FCC00 /* CMake Rules */ = {
			isa = PBXShellScriptBuildPhase;
			buildActionMask = 2147483647;
			files = (
			);
			name = "CMake Rules";
			runOnlyForDeploymentPostprocessing = 0;
			shellPath = /bin/sh;
			shellScript = "make -C /Users/doug/basho/msgpack/xcode -f /Users/doug/basho/msgpack/xcode/CMakeScripts/ALL_BUILD_cmakeRulesBuildPhase.make$CONFIGURATION all";
			showEnvVarsInLog = 0;
		};
/* End PBXShellScriptBuildPhase section */

/* Begin PBXSourcesBuildPhase section */
		3284D6CDE4F24FD9839F53DB /* Sources */ = {
			isa = PBXSourcesBuildPhase;
			buildActionMask = 2147483647;
			files = (
				AA368E062E644707A624DA05 /* main.cpp in Sources */,
			);
			runOnlyForDeploymentPostprocessing = 0;
		};
/* End PBXSourcesBuildPhase section */

/* Begin PBXTargetDependency section */
		10A6FDBC753D4C09911E9CA2 /* PBXTargetDependency */ = {
			isa = PBXTargetDependency;
			target = 4CD595D14FAA4951A00CCA12 /* main */;
			targetProxy = 819B2957A85548C6A264D2F3 /* PBXContainerItemProxy */;
		};
		3DAC7C43DCB746EE80B5C0BF /* PBXTargetDependency */ = {
			isa = PBXTargetDependency;
			target = F16B35033DA343B197F83131 /* ZERO_CHECK */;
			targetProxy = CF5B74D0E631406EA66C1631 /* PBXContainerItemProxy */;
		};
		8B83CE3EF3AA4A52BACD1570 /* PBXTargetDependency */ = {
			isa = PBXTargetDependency;
			target = F16B35033DA343B197F83131 /* ZERO_CHECK */;
			targetProxy = F95048BF2D2C47B0A81E4A01 /* PBXContainerItemProxy */;
		};
/* End PBXTargetDependency section */

/* Begin XCBuildConfiguration section */
		0717151D1C4145238E1732D1 /* MinSizeRel */ = {
			isa = XCBuildConfiguration;
			buildSettings = {
				COMBINE_HIDPI_IMAGES = YES;
				GCC_GENERATE_DEBUGGING_SYMBOLS = NO;
				GCC_INLINES_ARE_PRIVATE_EXTERN = NO;
				GCC_OPTIMIZATION_LEVEL = 0;
				GCC_PREPROCESSOR_DEFINITIONS = "'CMAKE_INTDIR=\"$(CONFIGURATION)$(EFFECTIVE_PLATFORM_NAME)\"'";
				GCC_SYMBOLS_PRIVATE_EXTERN = NO;
				HEADER_SEARCH_PATHS = (
					/usr/local/include,
					/Users/doug/basho/msgpack/xcode,
					"/Users/doug/basho/msgpack/msgpack-c/include",
				);
				INSTALL_PATH = "";
				OTHER_CFLAGS = "  ";
				OTHER_LDFLAGS = " ";
				OTHER_REZFLAGS = "";
				PRODUCT_NAME = ZERO_CHECK;
				SECTORDER_FLAGS = "";
				SYMROOT = /Users/doug/basho/msgpack/xcode;
				USE_HEADERMAP = NO;
				WARNING_CFLAGS = (
					"-Wmost",
					"-Wno-four-char-constants",
					"-Wno-unknown-pragmas",
				);
			};
			name = MinSizeRel;
		};
		0C94B92E2AE94B02B31A5950 /* Debug */ = {
			isa = XCBuildConfiguration;
			buildSettings = {
				COMBINE_HIDPI_IMAGES = YES;
				EXECUTABLE_PREFIX = "";
				EXECUTABLE_SUFFIX = "";
				GCC_GENERATE_DEBUGGING_SYMBOLS = YES;
				GCC_INLINES_ARE_PRIVATE_EXTERN = NO;
				GCC_OPTIMIZATION_LEVEL = 0;
				GCC_PREPROCESSOR_DEFINITIONS = "'CMAKE_INTDIR=\"$(CONFIGURATION)$(EFFECTIVE_PLATFORM_NAME)\"'";
				GCC_SYMBOLS_PRIVATE_EXTERN = NO;
				HEADER_SEARCH_PATHS = (
					/usr/local/include,
					/Users/doug/basho/msgpack/xcode,
					"/Users/doug/basho/msgpack/msgpack-c/include",
				);
				INSTALL_PATH = "";
				LIBRARY_SEARCH_PATHS = "";
				OTHER_CFLAGS = "    ";
				OTHER_CPLUSPLUSFLAGS = "    ";
				OTHER_LDFLAGS = (
					"-Wl,-search_paths_first",
					"-Wl,-headerpad_max_install_names",
					"/usr/local/lib/libboost_timer-mt.dylib",
					"/usr/local/lib/libboost_system-mt.dylib",
				);
				OTHER_REZFLAGS = "";
				PRODUCT_NAME = main;
				SECTORDER_FLAGS = "";
				SYMROOT = /Users/doug/basho/msgpack/xcode;
				USE_HEADERMAP = NO;
				WARNING_CFLAGS = (
					"-Wmost",
					"-Wno-four-char-constants",
					"-Wno-unknown-pragmas",
				);
			};
			name = Debug;
		};
		1E0669DB9CAC41B08CF14B57 /* RelWithDebInfo */ = {
			isa = XCBuildConfiguration;
			buildSettings = {
				ONLY_ACTIVE_ARCH = YES;
				SDKROOT = macosx10.10;
				SYMROOT = /Users/doug/basho/msgpack/xcode/build;
			};
			name = RelWithDebInfo;
		};
		3401222653254C9385FB7166 /* RelWithDebInfo */ = {
			isa = XCBuildConfiguration;
			buildSettings = {
				COMBINE_HIDPI_IMAGES = YES;
				EXECUTABLE_PREFIX = "";
				EXECUTABLE_SUFFIX = "";
				GCC_GENERATE_DEBUGGING_SYMBOLS = YES;
				GCC_INLINES_ARE_PRIVATE_EXTERN = NO;
				GCC_OPTIMIZATION_LEVEL = 2;
				GCC_PREPROCESSOR_DEFINITIONS = "'CMAKE_INTDIR=\"$(CONFIGURATION)$(EFFECTIVE_PLATFORM_NAME)\"'";
				GCC_SYMBOLS_PRIVATE_EXTERN = NO;
				HEADER_SEARCH_PATHS = (
					/usr/local/include,
					/Users/doug/basho/msgpack/xcode,
					"/Users/doug/basho/msgpack/msgpack-c/include",
				);
				INSTALL_PATH = "";
				LIBRARY_SEARCH_PATHS = "";
				OTHER_CFLAGS = "       -DNDEBUG  ";
				OTHER_CPLUSPLUSFLAGS = "       -DNDEBUG  ";
				OTHER_LDFLAGS = (
					"-Wl,-search_paths_first",
					"-Wl,-headerpad_max_install_names",
					"/usr/local/lib/libboost_timer-mt.dylib",
					"/usr/local/lib/libboost_system-mt.dylib",
				);
				OTHER_REZFLAGS = "";
				PRODUCT_NAME = main;
				SECTORDER_FLAGS = "";
				SYMROOT = /Users/doug/basho/msgpack/xcode;
				USE_HEADERMAP = NO;
				WARNING_CFLAGS = (
					"-Wmost",
					"-Wno-four-char-constants",
					"-Wno-unknown-pragmas",
				);
			};
			name = RelWithDebInfo;
		};
		3EC3435333014B22A899BF62 /* Debug */ = {
			isa = XCBuildConfiguration;
			buildSettings = {
				ONLY_ACTIVE_ARCH = YES;
				SDKROOT = macosx10.10;
				SYMROOT = /Users/doug/basho/msgpack/xcode/build;
			};
			name = Debug;
		};
		4499966D0C4346F99EAE882F /* Release */ = {
			isa = XCBuildConfiguration;
			buildSettings = {
				ONLY_ACTIVE_ARCH = YES;
				SDKROOT = macosx10.10;
				SYMROOT = /Users/doug/basho/msgpack/xcode/build;
			};
			name = Release;
		};
		46286C4F6E0241E39559F5B8 /* Release */ = {
			isa = XCBuildConfiguration;
			buildSettings = {
				COMBINE_HIDPI_IMAGES = YES;
				EXECUTABLE_PREFIX = "";
				EXECUTABLE_SUFFIX = "";
				GCC_GENERATE_DEBUGGING_SYMBOLS = NO;
				GCC_INLINES_ARE_PRIVATE_EXTERN = NO;
				GCC_OPTIMIZATION_LEVEL = 3;
				GCC_PREPROCESSOR_DEFINITIONS = "'CMAKE_INTDIR=\"$(CONFIGURATION)$(EFFECTIVE_PLATFORM_NAME)\"'";
				GCC_SYMBOLS_PRIVATE_EXTERN = NO;
				HEADER_SEARCH_PATHS = (
					/usr/local/include,
					/Users/doug/basho/msgpack/xcode,
					"/Users/doug/basho/msgpack/msgpack-c/include",
				);
				INSTALL_PATH = "";
				LIBRARY_SEARCH_PATHS = "";
				OTHER_CFLAGS = "    -DNDEBUG  ";
				OTHER_CPLUSPLUSFLAGS = "    -DNDEBUG  ";
				OTHER_LDFLAGS = (
					"-Wl,-search_paths_first",
					"-Wl,-headerpad_max_install_names",
					"/usr/local/lib/libboost_timer-mt.dylib",
					"/usr/local/lib/libboost_system-mt.dylib",
				);
				OTHER_REZFLAGS = "";
				PRODUCT_NAME = main;
				SECTORDER_FLAGS = "";
				SYMROOT = /Users/doug/basho/msgpack/xcode;
				USE_HEADERMAP = NO;
				WARNING_CFLAGS = (
					"-Wmost",
					"-Wno-four-char-constants",
					"-Wno-unknown-pragmas",
				);
			};
			name = Release;
		};
		56503D2EDE6141239582BFC9 /* Release */ = {
			isa = XCBuildConfiguration;
			buildSettings = {
				COMBINE_HIDPI_IMAGES = YES;
				GCC_GENERATE_DEBUGGING_SYMBOLS = NO;
				GCC_INLINES_ARE_PRIVATE_EXTERN = NO;
				GCC_OPTIMIZATION_LEVEL = 0;
				GCC_PREPROCESSOR_DEFINITIONS = "'CMAKE_INTDIR=\"$(CONFIGURATION)$(EFFECTIVE_PLATFORM_NAME)\"'";
				GCC_SYMBOLS_PRIVATE_EXTERN = NO;
				HEADER_SEARCH_PATHS = (
					/usr/local/include,
					/Users/doug/basho/msgpack/xcode,
					"/Users/doug/basho/msgpack/msgpack-c/include",
				);
				INSTALL_PATH = "";
				OTHER_CFLAGS = "  ";
				OTHER_LDFLAGS = " ";
				OTHER_REZFLAGS = "";
				PRODUCT_NAME = ALL_BUILD;
				SECTORDER_FLAGS = "";
				SYMROOT = /Users/doug/basho/msgpack/xcode;
				USE_HEADERMAP = NO;
				WARNING_CFLAGS = (
					"-Wmost",
					"-Wno-four-char-constants",
					"-Wno-unknown-pragmas",
				);
			};
			name = Release;
		};
		6A3266B17CF14EAAAA2DBC55 /* MinSizeRel */ = {
			isa = XCBuildConfiguration;
			buildSettings = {
				ONLY_ACTIVE_ARCH = YES;
				SDKROOT = macosx10.10;
				SYMROOT = /Users/doug/basho/msgpack/xcode/build;
			};
			name = MinSizeRel;
		};
		7F9A292BE5164D4CB91759B0 /* MinSizeRel */ = {
			isa = XCBuildConfiguration;
			buildSettings = {
				COMBINE_HIDPI_IMAGES = YES;
				EXECUTABLE_PREFIX = "";
				EXECUTABLE_SUFFIX = "";
				GCC_GENERATE_DEBUGGING_SYMBOLS = NO;
				GCC_INLINES_ARE_PRIVATE_EXTERN = NO;
				GCC_OPTIMIZATION_LEVEL = s;
				GCC_PREPROCESSOR_DEFINITIONS = "'CMAKE_INTDIR=\"$(CONFIGURATION)$(EFFECTIVE_PLATFORM_NAME)\"'";
				GCC_SYMBOLS_PRIVATE_EXTERN = NO;
				HEADER_SEARCH_PATHS = (
					/usr/local/include,
					/Users/doug/basho/msgpack/xcode,
					"/Users/doug/basho/msgpack/msgpack-c/include",
				);
				INSTALL_PATH = "";
				LIBRARY_SEARCH_PATHS = "";
				OTHER_CFLAGS = "    -DNDEBUG  ";
				OTHER_CPLUSPLUSFLAGS = "    -DNDEBUG  ";
				OTHER_LDFLAGS = (
					"-Wl,-search_paths_first",
					"-Wl,-headerpad_max_install_names",
					"/usr/local/lib/libboost_timer-mt.dylib",
					"/usr/local/lib/libboost_system-mt.dylib",
				);
				OTHER_REZFLAGS = "";
				PRODUCT_NAME = main;
				SECTORDER_FLAGS = "";
				SYMROOT = /Users/doug/basho/msgpack/xcode;
				USE_HEADERMAP = NO;
				WARNING_CFLAGS = (
					"-Wmost",
					"-Wno-four-char-constants",
					"-Wno-unknown-pragmas",
				);
			};
			name = MinSizeRel;
		};
		9266A9E506BE4E89A0BC435E /* RelWithDebInfo */ = {
			isa = XCBuildConfiguration;
			buildSettings = {
				COMBINE_HIDPI_IMAGES = YES;
				GCC_GENERATE_DEBUGGING_SYMBOLS = NO;
				GCC_INLINES_ARE_PRIVATE_EXTERN = NO;
				GCC_OPTIMIZATION_LEVEL = 0;
				GCC_PREPROCESSOR_DEFINITIONS = "'CMAKE_INTDIR=\"$(CONFIGURATION)$(EFFECTIVE_PLATFORM_NAME)\"'";
				GCC_SYMBOLS_PRIVATE_EXTERN = NO;
				HEADER_SEARCH_PATHS = (
					/usr/local/include,
					/Users/doug/basho/msgpack/xcode,
					"/Users/doug/basho/msgpack/msgpack-c/include",
				);
				INSTALL_PATH = "";
				OTHER_CFLAGS = "  ";
				OTHER_LDFLAGS = " ";
				OTHER_REZFLAGS = "";
				PRODUCT_NAME = ALL_BUILD;
				SECTORDER_FLAGS = "";
				SYMROOT = /Users/doug/basho/msgpack/xcode;
				USE_HEADERMAP = NO;
				WARNING_CFLAGS = (
					"-Wmost",
					"-Wno-four-char-constants",
					"-Wno-unknown-pragmas",
				);
			};
			name = RelWithDebInfo;
		};
		A631CA438A8B4C1CA00DFB4D /* RelWithDebInfo */ = {
			isa = XCBuildConfiguration;
			buildSettings = {
				COMBINE_HIDPI_IMAGES = YES;
				GCC_GENERATE_DEBUGGING_SYMBOLS = NO;
				GCC_INLINES_ARE_PRIVATE_EXTERN = NO;
				GCC_OPTIMIZATION_LEVEL = 0;
				GCC_PREPROCESSOR_DEFINITIONS = "'CMAKE_INTDIR=\"$(CONFIGURATION)$(EFFECTIVE_PLATFORM_NAME)\"'";
				GCC_SYMBOLS_PRIVATE_EXTERN = NO;
				HEADER_SEARCH_PATHS = (
					/usr/local/include,
					/Users/doug/basho/msgpack/xcode,
					"/Users/doug/basho/msgpack/msgpack-c/include",
				);
				INSTALL_PATH = "";
				OTHER_CFLAGS = "  ";
				OTHER_LDFLAGS = " ";
				OTHER_REZFLAGS = "";
				PRODUCT_NAME = ZERO_CHECK;
				SECTORDER_FLAGS = "";
				SYMROOT = /Users/doug/basho/msgpack/xcode;
				USE_HEADERMAP = NO;
				WARNING_CFLAGS = (
					"-Wmost",
					"-Wno-four-char-constants",
					"-Wno-unknown-pragmas",
				);
			};
			name = RelWithDebInfo;
		};
		AD0E8F55F3E442E18CE40FBA /* Release */ = {
			isa = XCBuildConfiguration;
			buildSettings = {
				COMBINE_HIDPI_IMAGES = YES;
				GCC_GENERATE_DEBUGGING_SYMBOLS = NO;
				GCC_INLINES_ARE_PRIVATE_EXTERN = NO;
				GCC_OPTIMIZATION_LEVEL = 0;
				GCC_PREPROCESSOR_DEFINITIONS = "'CMAKE_INTDIR=\"$(CONFIGURATION)$(EFFECTIVE_PLATFORM_NAME)\"'";
				GCC_SYMBOLS_PRIVATE_EXTERN = NO;
				HEADER_SEARCH_PATHS = (
					/usr/local/include,
					/Users/doug/basho/msgpack/xcode,
					"/Users/doug/basho/msgpack/msgpack-c/include",
				);
				INSTALL_PATH = "";
				OTHER_CFLAGS = "  ";
				OTHER_LDFLAGS = " ";
				OTHER_REZFLAGS = "";
				PRODUCT_NAME = ZERO_CHECK;
				SECTORDER_FLAGS = "";
				SYMROOT = /Users/doug/basho/msgpack/xcode;
				USE_HEADERMAP = NO;
				WARNING_CFLAGS = (
					"-Wmost",
					"-Wno-four-char-constants",
					"-Wno-unknown-pragmas",
				);
			};
			name = Release;
		};
		B08BA74560E34726AC0932C4 /* Debug */ = {
			isa = XCBuildConfiguration;
			buildSettings = {
				COMBINE_HIDPI_IMAGES = YES;
				GCC_GENERATE_DEBUGGING_SYMBOLS = NO;
				GCC_INLINES_ARE_PRIVATE_EXTERN = NO;
				GCC_OPTIMIZATION_LEVEL = 0;
				GCC_PREPROCESSOR_DEFINITIONS = "'CMAKE_INTDIR=\"$(CONFIGURATION)$(EFFECTIVE_PLATFORM_NAME)\"'";
				GCC_SYMBOLS_PRIVATE_EXTERN = NO;
				HEADER_SEARCH_PATHS = (
					/usr/local/include,
					/Users/doug/basho/msgpack/xcode,
					"/Users/doug/basho/msgpack/msgpack-c/include",
				);
				INSTALL_PATH = "";
				OTHER_CFLAGS = "  ";
				OTHER_LDFLAGS = " ";
				OTHER_REZFLAGS = "";
				PRODUCT_NAME = ZERO_CHECK;
				SECTORDER_FLAGS = "";
				SYMROOT = /Users/doug/basho/msgpack/xcode;
				USE_HEADERMAP = NO;
				WARNING_CFLAGS = (
					"-Wmost",
					"-Wno-four-char-constants",
					"-Wno-unknown-pragmas",
				);
			};
			name = Debug;
		};
		BE883E27018E420DAEE1BB3D /* Debug */ = {
			isa = XCBuildConfiguration;
			buildSettings = {
				COMBINE_HIDPI_IMAGES = YES;
				GCC_GENERATE_DEBUGGING_SYMBOLS = NO;
				GCC_INLINES_ARE_PRIVATE_EXTERN = NO;
				GCC_OPTIMIZATION_LEVEL = 0;
				GCC_PREPROCESSOR_DEFINITIONS = "'CMAKE_INTDIR=\"$(CONFIGURATION)$(EFFECTIVE_PLATFORM_NAME)\"'";
				GCC_SYMBOLS_PRIVATE_EXTERN = NO;
				HEADER_SEARCH_PATHS = (
					/usr/local/include,
					/Users/doug/basho/msgpack/xcode,
					"/Users/doug/basho/msgpack/msgpack-c/include",
				);
				INSTALL_PATH = "";
				OTHER_CFLAGS = "  ";
				OTHER_LDFLAGS = " ";
				OTHER_REZFLAGS = "";
				PRODUCT_NAME = ALL_BUILD;
				SECTORDER_FLAGS = "";
				SYMROOT = /Users/doug/basho/msgpack/xcode;
				USE_HEADERMAP = NO;
				WARNING_CFLAGS = (
					"-Wmost",
					"-Wno-four-char-constants",
					"-Wno-unknown-pragmas",
				);
			};
			name = Debug;
		};
		E105979C5F254DDB8964E7A6 /* MinSizeRel */ = {
			isa = XCBuildConfiguration;
			buildSettings = {
				COMBINE_HIDPI_IMAGES = YES;
				GCC_GENERATE_DEBUGGING_SYMBOLS = NO;
				GCC_INLINES_ARE_PRIVATE_EXTERN = NO;
				GCC_OPTIMIZATION_LEVEL = 0;
				GCC_PREPROCESSOR_DEFINITIONS = "'CMAKE_INTDIR=\"$(CONFIGURATION)$(EFFECTIVE_PLATFORM_NAME)\"'";
				GCC_SYMBOLS_PRIVATE_EXTERN = NO;
				HEADER_SEARCH_PATHS = (
					/usr/local/include,
					/Users/doug/basho/msgpack/xcode,
					"/Users/doug/basho/msgpack/msgpack-c/include",
				);
				INSTALL_PATH = "";
				OTHER_CFLAGS = "  ";
				OTHER_LDFLAGS = " ";
				OTHER_REZFLAGS = "";
				PRODUCT_NAME = ALL_BUILD;
				SECTORDER_FLAGS = "";
				SYMROOT = /Users/doug/basho/msgpack/xcode;
				USE_HEADERMAP = NO;
				WARNING_CFLAGS = (
					"-Wmost",
					"-Wno-four-char-constants",
					"-Wno-unknown-pragmas",
				);
			};
			name = MinSizeRel;
		};
/* End XCBuildConfiguration section */

/* Begin XCConfigurationList section */
		2DDE7509C1BA4A08AE6C12D9 /* Build configuration list for PBXAggregateTarget "ALL_BUILD" */ = {
			isa = XCConfigurationList;
			buildConfigurations = (
				BE883E27018E420DAEE1BB3D /* Debug */,
				56503D2EDE6141239582BFC9 /* Release */,
				E105979C5F254DDB8964E7A6 /* MinSizeRel */,
				9266A9E506BE4E89A0BC435E /* RelWithDebInfo */,
			);
			defaultConfigurationIsVisible = 0;
			defaultConfigurationName = Debug;
		};
		5625455DED764EBBB0B73FA2 /* Build configuration list for PBXNativeTarget "main" */ = {
			isa = XCConfigurationList;
			buildConfigurations = (
				0C94B92E2AE94B02B31A5950 /* Debug */,
				46286C4F6E0241E39559F5B8 /* Release */,
				7F9A292BE5164D4CB91759B0 /* MinSizeRel */,
				3401222653254C9385FB7166 /* RelWithDebInfo */,
			);
			defaultConfigurationIsVisible = 0;
			defaultConfigurationName = Debug;
		};
		9D61EBDA9E2B45579DE5D3B9 /* Build configuration list for PBXAggregateTarget "ZERO_CHECK" */ = {
			isa = XCConfigurationList;
			buildConfigurations = (
				B08BA74560E34726AC0932C4 /* Debug */,
				AD0E8F55F3E442E18CE40FBA /* Release */,
				0717151D1C4145238E1732D1 /* MinSizeRel */,
				A631CA438A8B4C1CA00DFB4D /* RelWithDebInfo */,
			);
			defaultConfigurationIsVisible = 0;
			defaultConfigurationName = Debug;
		};
		D4C28DD9A8DF40FC98EAC08C /* Build configuration list for PBXProject "msgpack-filter" */ = {
			isa = XCConfigurationList;
			buildConfigurations = (
				3EC3435333014B22A899BF62 /* Debug */,
				4499966D0C4346F99EAE882F /* Release */,
				6A3266B17CF14EAAAA2DBC55 /* MinSizeRel */,
				1E0669DB9CAC41B08CF14B57 /* RelWithDebInfo */,
			);
			defaultConfigurationIsVisible = 0;
			defaultConfigurationName = Debug;
		};
/* End XCConfigurationList section */
	};
	rootObject = A561AEAB6C044E998102CEFC /* Project object */;
}
